
Microsoft Visual Studio Solution File, Format Version 12.00
# Visual Studio Version 16
VisualStudioVersion = 16.0.29613.14
MinimumVisualStudioVersion = 10.0.40219.1
Project("{FAE04EC0-301F-11D3-BF4B-00C04F79EFBC}") = "SIS.BusinessLogic", "SIS.BusinessLogic\SIS.BusinessLogic.csproj", "{90AD7183-411D-4F64-8F81-D7149D892196}"
EndProject
Project("{FAE04EC0-301F-11D3-BF4B-00C04F79EFBC}") = "SIS.DataAccess", "SIS.DataAccess\SIS.DataAccess.csproj", "{E0569D6C-9DC8-41BE-A080-6A60EA5E1DF7}"
EndProject
Project("{FAE04EC0-301F-11D3-BF4B-00C04F79EFBC}") = "SIS.UserInterface", "SIS.UserInterface\SIS.UserInterface.csproj", "{A2BC5D19-C471-4229-8127-577C089ADE69}"
EndProject
Project("{00D1A9C2-B5F0-4AF3-8072-F6C62B433612}") = "StudentDB", "StudentDB\StudentDB.sqlproj", "{13DF6DD2-C990-4320-BC13-445A94D2FADF}"
EndProject
Global
	GlobalSection(SolutionConfigurationPlatforms) = preSolution
		Debug|Any CPU = Debug|Any CPU
		Release|Any CPU = Release|Any CPU
	EndGlobalSection
	GlobalSection(ProjectConfigurationPlatforms) = postSolution
		{90AD7183-411D-4F64-8F81-D7149D892196}.Debug|Any CPU.ActiveCfg = Debug|Any CPU
		{90AD7183-411D-4F64-8F81-D7149D892196}.Debug|Any CPU.Build.0 = Debug|Any CPU
		{90AD7183-411D-4F64-8F81-D7149D892196}.Release|Any CPU.ActiveCfg = Release|Any CPU
		{90AD7183-411D-4F64-8F81-D7149D892196}.Release|Any CPU.Build.0 = Release|Any CPU
		{E0569D6C-9DC8-41BE-A080-6A60EA5E1DF7}.Debug|Any CPU.ActiveCfg = Debug|Any CPU
		{E0569D6C-9DC8-41BE-A080-6A60EA5E1DF7}.Debug|Any CPU.Build.0 = Debug|Any CPU
		{E0569D6C-9DC8-41BE-A080-6A60EA5E1DF7}.Release|Any CPU.ActiveCfg = Release|Any CPU
		{E0569D6C-9DC8-41BE-A080-6A60EA5E1DF7}.Release|Any CPU.Build.0 = Release|Any CPU
		{A2BC5D19-C471-4229-8127-577C089ADE69}.Debug|Any CPU.ActiveCfg = Debug|Any CPU
		{A2BC5D19-C471-4229-8127-577C089ADE69}.Debug|Any CPU.Build.0 = Debug|Any CPU
		{A2BC5D19-C471-4229-8127-577C089ADE69}.Release|Any CPU.ActiveCfg = Release|Any CPU
		{A2BC5D19-C471-4229-8127-577C089ADE69}.Release|Any CPU.Build.0 = Release|Any CPU
		{13DF6DD2-C990-4320-BC13-445A94D2FADF}.Debug|Any CPU.ActiveCfg = Debug|Any CPU
		{13DF6DD2-C990-4320-BC13-445A94D2FADF}.Debug|Any CPU.Build.0 = Debug|Any CPU
		{13DF6DD2-C990-4320-BC13-445A94D2FADF}.Debug|Any CPU.Deploy.0 = Debug|Any CPU
		{13DF6DD2-C990-4320-BC13-445A94D2FADF}.Release|Any CPU.ActiveCfg = Release|Any CPU
		{13DF6DD2-C990-4320-BC13-445A94D2FADF}.Release|Any CPU.Build.0 = Release|Any CPU
		{13DF6DD2-C990-4320-BC13-445A94D2FADF}.Release|Any CPU.Deploy.0 = Release|Any CPU
	EndGlobalSection
	GlobalSection(SolutionProperties) = preSolution
		HideSolutionNode = FALSE
	EndGlobalSection
	GlobalSection(ExtensibilityGlobals) = postSolution
		SolutionGuid = {7B98C8B8-8018-434E-80DB-C3F2A40B3846}
	EndGlobalSection
EndGlobal
